
Microsoft Visual Studio Solution File, Format Version 12.00
# Visual Studio 15
VisualStudioVersion = 15.0.28307.757
MinimumVisualStudioVersion = 10.0.40219.1
Project("{FAE04EC0-301F-11D3-BF4B-00C04F79EFBC}") = "TRMDataManager", "TRMDataManager\TRMDataManager.csproj", "{D88AFD5E-56C8-4D6C-8A14-5B3244365956}"
EndProject
Global
	GlobalSection(SolutionConfigurationPlatforms) = preSolution
		Debug|Any CPU = Debug|Any CPU
		Release|Any CPU = Release|Any CPU
	EndGlobalSection
	GlobalSection(ProjectConfigurationPlatforms) = postSolution
		{D88AFD5E-56C8-4D6C-8A14-5B3244365956}.Debug|Any CPU.ActiveCfg = Debug|Any CPU
		{D88AFD5E-56C8-4D6C-8A14-5B3244365956}.Debug|Any CPU.Build.0 = Debug|Any CPU
		{D88AFD5E-56C8-4D6C-8A14-5B3244365956}.Release|Any CPU.ActiveCfg = Release|Any CPU
		{D88AFD5E-56C8-4D6C-8A14-5B3244365956}.Release|Any CPU.Build.0 = Release|Any CPU
	EndGlobalSection
	GlobalSection(SolutionProperties) = preSolution
		HideSolutionNode = FALSE
	EndGlobalSection
	GlobalSection(ExtensibilityGlobals) = postSolution
		SolutionGuid = {54BF93AB-CA14-48D3-8D69-881847D9117E}
	EndGlobalSection
EndGlobal
